
Microsoft Visual Studio Solution File, Format Version 12.00
# Visual Studio Version 17
VisualStudioVersion = 17.14.36109.1 d17.14
MinimumVisualStudioVersion = 10.0.40219.1
Project("{FAE04EC0-301F-11D3-BF4B-00C04F79EFBC}") = "glabAPI", "glabAPI.csproj", "{F347DC98-3184-4B41-8E05-AF8CA52CBB36}"
EndProject
Global
	GlobalSection(SolutionConfigurationPlatforms) = preSolution
		Debug|Any CPU = Debug|Any CPU
		Release|Any CPU = Release|Any CPU
	EndGlobalSection
	GlobalSection(ProjectConfigurationPlatforms) = postSolution
		{F347DC98-3184-4B41-8E05-AF8CA52CBB36}.Debug|Any CPU.ActiveCfg = Debug|Any CPU
		{F347DC98-3184-4B41-8E05-AF8CA52CBB36}.Debug|Any CPU.Build.0 = Debug|Any CPU
		{F347DC98-3184-4B41-8E05-AF8CA52CBB36}.Release|Any CPU.ActiveCfg = Release|Any CPU
		{F347DC98-3184-4B41-8E05-AF8CA52CBB36}.Release|Any CPU.Build.0 = Release|Any CPU
	EndGlobalSection
	GlobalSection(SolutionProperties) = preSolution
		HideSolutionNode = FALSE
	EndGlobalSection
	GlobalSection(ExtensibilityGlobals) = postSolution
		SolutionGuid = {3EF3916E-308E-4823-BA2E-2BD85DB40CEA}
	EndGlobalSection
EndGlobal
